# This file is automatically @generated by Cargo.
# It is not intended for manual editing.
version = 3

[[package]]
name = "drop-tracker"
version = "0.1.0"
source = "registry+https://github.com/rust-lang/crates.io-index"
checksum = "8ceac99f0a25355e8377eb8a7a41218d75469a65a3b859e9c374b385cdd024af"

[[package]]
name = "rlox"
version = "0.1.0"
dependencies = [
 "rlox-common",
]

[[package]]
name = "rlox-common"
version = "0.1.0"
dependencies = [
 "drop-tracker",
]
